
Microsoft Visual Studio Solution File, Format Version 12.00
# Visual Studio 2013
VisualStudioVersion = 12.0.31101.0
MinimumVisualStudioVersion = 10.0.40219.1
Project("{FAE04EC0-301F-11D3-BF4B-00C04F79EFBC}") = "changeexchangev1", "changeexchangev1\changeexchangev1.csproj", "{26BE0E60-96D7-4C8D-B1A6-E6B1AFE1DED3}"
EndProject
Project("{2150E333-8FDC-42A3-9474-1A3956D46DE8}") = "PublishScripts", "PublishScripts", "{E2A59223-862A-49FA-9A20-0D53909E39F5}"
	ProjectSection(SolutionItems) = preProject
		PublishScripts\AzureWebsitePublishModule.psm1 = PublishScripts\AzureWebsitePublishModule.psm1
		PublishScripts\Publish-WebApplicationWebsite.ps1 = PublishScripts\Publish-WebApplicationWebsite.ps1
	EndProjectSection
EndProject
Project("{2150E333-8FDC-42A3-9474-1A3956D46DE8}") = "Configurations", "Configurations", "{029BD3FB-B675-438B-873D-6D8AD2C799A2}"
	ProjectSection(SolutionItems) = preProject
		PublishScripts\Configurations\changeexchangev1-WAWS-dev.json = PublishScripts\Configurations\changeexchangev1-WAWS-dev.json
	EndProjectSection
EndProject
Global
	GlobalSection(SolutionConfigurationPlatforms) = preSolution
		Debug|Any CPU = Debug|Any CPU
		Release|Any CPU = Release|Any CPU
	EndGlobalSection
	GlobalSection(ProjectConfigurationPlatforms) = postSolution
		{26BE0E60-96D7-4C8D-B1A6-E6B1AFE1DED3}.Debug|Any CPU.ActiveCfg = Debug|Any CPU
		{26BE0E60-96D7-4C8D-B1A6-E6B1AFE1DED3}.Debug|Any CPU.Build.0 = Debug|Any CPU
		{26BE0E60-96D7-4C8D-B1A6-E6B1AFE1DED3}.Release|Any CPU.ActiveCfg = Release|Any CPU
		{26BE0E60-96D7-4C8D-B1A6-E6B1AFE1DED3}.Release|Any CPU.Build.0 = Release|Any CPU
	EndGlobalSection
	GlobalSection(SolutionProperties) = preSolution
		HideSolutionNode = FALSE
	EndGlobalSection
	GlobalSection(NestedProjects) = preSolution
		{029BD3FB-B675-438B-873D-6D8AD2C799A2} = {E2A59223-862A-49FA-9A20-0D53909E39F5}
	EndGlobalSection
EndGlobal
